
Microsoft Visual Studio Solution File, Format Version 12.00
# Visual Studio Version 17
VisualStudioVersion = 17.10.34928.147
MinimumVisualStudioVersion = 10.0.40219.1
Project("{FAE04EC0-301F-11D3-BF4B-00C04F79EFBC}") = "SocialNetworkForBooks", "SocialNetworkForBooks\SocialNetworkForBooks.csproj", "{00180185-5E67-4210-BD2C-9C4EB7B4A694}"
EndProject
Global
	GlobalSection(SolutionConfigurationPlatforms) = preSolution
		Debug|Any CPU = Debug|Any CPU
		Release|Any CPU = Release|Any CPU
	EndGlobalSection
	GlobalSection(ProjectConfigurationPlatforms) = postSolution
		{00180185-5E67-4210-BD2C-9C4EB7B4A694}.Debug|Any CPU.ActiveCfg = Debug|Any CPU
		{00180185-5E67-4210-BD2C-9C4EB7B4A694}.Debug|Any CPU.Build.0 = Debug|Any CPU
		{00180185-5E67-4210-BD2C-9C4EB7B4A694}.Release|Any CPU.ActiveCfg = Release|Any CPU
		{00180185-5E67-4210-BD2C-9C4EB7B4A694}.Release|Any CPU.Build.0 = Release|Any CPU
	EndGlobalSection
	GlobalSection(SolutionProperties) = preSolution
		HideSolutionNode = FALSE
	EndGlobalSection
	GlobalSection(ExtensibilityGlobals) = postSolution
		SolutionGuid = {B0D2AD5B-5CDE-459C-8ED5-E73CF89D89A6}
	EndGlobalSection
EndGlobal
